<?xml version="1.0" encoding="utf-8"?>
<Project ToolsVersion="4.0" xmlns="http://schemas.microsoft.com/developer/msbuild/2003">
  <ItemGroup>
    <ClCompile Include="billboard.cpp" />
    <ClCompile Include="camera.cpp" />
    <ClCompile Include="edit.cpp" />
    <ClCompile Include="effect.cpp" />
    <ClCompile Include="enemy.cpp" />
    <ClCompile Include="enemyAI.cpp" />
    <ClCompile Include="fade.cpp" />
    <ClCompile Include="ceiling.cpp" />
    <ClCompile Include="field.cpp" />
    <ClCompile Include="fog.cpp" />
    <ClCompile Include="game.cpp" />
    <ClCompile Include="gauge.cpp" />
    <ClCompile Include="input.cpp" />
    <ClCompile Include="light.cpp" />
    <ClCompile Include="main.cpp" />
    <ClCompile Include="menu.cpp" />
    <ClCompile Include="menu_item.cpp" />
    <ClCompile Include="menu_message.cpp" />
    <ClCompile Include="meshfield.cpp" />
    <ClCompile Include="object.cpp" />
    <ClCompile Include="option.cpp" />
    <ClCompile Include="particle.cpp" />
    <ClCompile Include="pause.cpp" />
    <ClCompile Include="pause_frame.cpp" />
    <ClCompile Include="player.cpp" />
    <ClCompile Include="polygon.cpp" />
    <ClCompile Include="ranking.cpp" />
    <ClCompile Include="ranking_rank.cpp" />
    <ClCompile Include="result.cpp" />
    <ClCompile Include="result_message.cpp" />
    <ClCompile Include="rock.cpp" />
    <ClCompile Include="score.cpp" />
    <ClCompile Include="shadow.cpp" />
    <ClCompile Include="shock.cpp" />
    <ClCompile Include="time.cpp" />
    <ClCompile Include="title.cpp" />
    <ClCompile Include="title_logo.cpp" />
    <ClCompile Include="title_message.cpp" />
    <ClCompile Include="tutorial.cpp" />
    <ClCompile Include="wall.cpp" />
    <ClCompile Include="orbit.cpp" />
    <ClCompile Include="ranking_bg.cpp" />
    <ClCompile Include="sound.cpp" />
    <ClCompile Include="countdown.cpp" />
    <ClCompile Include="effect_2D.cpp" />
    <ClCompile Include="particle_2D.cpp" />
    <ClCompile Include="collision.cpp" />
    <ClCompile Include="point.cpp" />
    <ClCompile Include="point_log.cpp" />
    <ClCompile Include="tutorial_message.cpp" />
    <ClCompile Include="count.cpp" />
    <ClCompile Include="model.cpp" />
    <ClCompile Include="book.cpp" />
    <ClCompile Include="team_logo.cpp" />
  </ItemGroup>
  <ItemGroup>
    <ClInclude Include="billboard.h" />
    <ClInclude Include="camera.h" />
    <ClInclude Include="edit.h" />
    <ClInclude Include="effect.h" />
    <ClInclude Include="enemy.h" />
    <ClInclude Include="enemyAI.h" />
    <ClInclude Include="fade.h" />
    <ClInclude Include="ceiling.h" />
    <ClInclude Include="field.h" />
    <ClInclude Include="fog.h" />
    <ClInclude Include="game.h" />
    <ClInclude Include="gauge.h" />
    <ClInclude Include="input.h" />
    <ClInclude Include="light.h" />
    <ClInclude Include="main.h" />
    <ClInclude Include="menu.h" />
    <ClInclude Include="menu_item.h" />
    <ClInclude Include="menu_message.h" />
    <ClInclude Include="meshfield.h" />
    <ClInclude Include="object.h" />
    <ClInclude Include="option.h" />
    <ClInclude Include="particle.h" />
    <ClInclude Include="pause.h" />
    <ClInclude Include="pause_frame.h" />
    <ClInclude Include="player.h" />
    <ClInclude Include="polygon.h" />
    <ClInclude Include="ranking.h" />
    <ClInclude Include="ranking_rank.h" />
    <ClInclude Include="result.h" />
    <ClInclude Include="result_message.h" />
    <ClInclude Include="rock.h" />
    <ClInclude Include="score.h" />
    <ClInclude Include="shadow.h" />
    <ClInclude Include="shock.h" />
    <ClInclude Include="time.h" />
    <ClInclude Include="title.h" />
    <ClInclude Include="title_logo.h" />
    <ClInclude Include="title_message.h" />
    <ClInclude Include="tutorial.h" />
    <ClInclude Include="wall.h" />
    <ClInclude Include="orbit.h" />
    <ClInclude Include="ranking_bg.h" />
    <ClInclude Include="sound.h" />
    <ClInclude Include="countdown.h" />
    <ClInclude Include="effect_2D.h" />
    <ClInclude Include="particle_2D.h" />
    <ClInclude Include="collision.h" />
    <ClInclude Include="point.h" />
    <ClInclude Include="point_log.h" />
    <ClInclude Include="tutorial_message.h" />
    <ClInclude Include="count.h" />
    <ClInclude Include="model.h" />
    <ClInclude Include="book.h" />
    <ClInclude Include="team_logo.h" />
  </ItemGroup>
</Project>